# This file is automatically @generated by Cargo.
# It is not intended for manual editing.
version = 3

[[package]]
name = "phi-recorder-core"
version = "0.1.0"

[[package]]
name = "phi-recorder-native"
version = "0.1.0"
dependencies = [
 "phi-recorder-core",
]

[[package]]
name = "phi-recorder-protocol"
version = "0.1.0"

[[package]]
name = "phi-renderer-host"
version = "0.1.0"
dependencies = [
 "phi-recorder-protocol",
]
